// !$*UTF8*$!
{
	archiveVersion = 1;
	classes = {
	};
	objectVersion = 55;
	objects = {

/* Begin PBXFileReference section */
		EF084115277AECBA00CF1032 /* BirthdayCakeCandles.playground */ = {isa = PBXFileReference; lastKnownFileType = file.playground; path = BirthdayCakeCandles.playground; sourceTree = "<group>"; xcLanguageSpecificationIdentifier = xcode.lang.swift; };
		EF084116277AFA7B00CF1032 /* TimeConversion.playground */ = {isa = PBXFileReference; lastKnownFileType = file.playground; path = TimeConversion.playground; sourceTree = "<group>"; xcLanguageSpecificationIdentifier = xcode.lang.swift; };
		EF6D21D0276873FC00C4A312 /* DiagonalDifference.playground */ = {isa = PBXFileReference; lastKnownFileType = file.playground; path = DiagonalDifference.playground; sourceTree = "<group>"; xcLanguageSpecificationIdentifier = xcode.lang.swift; };
		EF6D21D227688B2500C4A312 /* PlusMinus.playground */ = {isa = PBXFileReference; lastKnownFileType = file.playground; path = PlusMinus.playground; sourceTree = "<group>"; xcLanguageSpecificationIdentifier = xcode.lang.swift; };
		EF6D21D32773074B00C4A312 /* Staircase.playground */ = {isa = PBXFileReference; lastKnownFileType = file.playground; path = Staircase.playground; sourceTree = "<group>"; xcLanguageSpecificationIdentifier = xcode.lang.swift; };
		EF6D21D42773153E00C4A312 /* MinMaxSum.playground */ = {isa = PBXFileReference; lastKnownFileType = file.playground; path = MinMaxSum.playground; sourceTree = "<group>"; xcLanguageSpecificationIdentifier = xcode.lang.swift; };
		EF81B485276728F10086AC9A /* SolveMeFirst.playground */ = {isa = PBXFileReference; lastKnownFileType = file.playground; path = SolveMeFirst.playground; sourceTree = "<group>"; xcLanguageSpecificationIdentifier = xcode.lang.swift; };
		EF81B48627682DBC0086AC9A /* CompareTheTriplets.playground */ = {isa = PBXFileReference; lastKnownFileType = file.playground; path = CompareTheTriplets.playground; sourceTree = "<group>"; xcLanguageSpecificationIdentifier = xcode.lang.swift; };
		EF81B487276840920086AC9A /* AVeryBigSum.playground */ = {isa = PBXFileReference; lastKnownFileType = file.playground; path = AVeryBigSum.playground; sourceTree = "<group>"; xcLanguageSpecificationIdentifier = xcode.lang.swift; };
/* End PBXFileReference section */

/* Begin PBXGroup section */
		EF81B47E276728DF0086AC9A = {
			isa = PBXGroup;
			children = (
				EF084116277AFA7B00CF1032 /* TimeConversion.playground */,
				EF084115277AECBA00CF1032 /* BirthdayCakeCandles.playground */,
				EF6D21D42773153E00C4A312 /* MinMaxSum.playground */,
				EF6D21D32773074B00C4A312 /* Staircase.playground */,
				EF6D21D227688B2500C4A312 /* PlusMinus.playground */,
				EF6D21D0276873FC00C4A312 /* DiagonalDifference.playground */,
				EF81B487276840920086AC9A /* AVeryBigSum.playground */,
				EF81B48627682DBC0086AC9A /* CompareTheTriplets.playground */,
				EF81B485276728F10086AC9A /* SolveMeFirst.playground */,
			);
			sourceTree = "<group>";
		};
/* End PBXGroup section */

/* Begin PBXProject section */
		EF81B47F276728DF0086AC9A /* Project object */ = {
			isa = PBXProject;
			attributes = {
				BuildIndependentTargetsInParallel = 1;
				LastUpgradeCheck = 1300;
			};
			buildConfigurationList = EF81B482276728DF0086AC9A /* Build configuration list for PBXProject "HackerRank" */;
			compatibilityVersion = "Xcode 13.0";
			developmentRegion = en;
			hasScannedForEncodings = 0;
			knownRegions = (
				en,
				Base,
			);
			mainGroup = EF81B47E276728DF0086AC9A;
			projectDirPath = "";
			projectRoot = "";
			targets = (
			);
		};
/* End PBXProject section */

/* Begin XCBuildConfiguration section */
		EF81B483276728DF0086AC9A /* Debug */ = {
			isa = XCBuildConfiguration;
			buildSettings = {
			};
			name = Debug;
		};
		EF81B484276728DF0086AC9A /* Release */ = {
			isa = XCBuildConfiguration;
			buildSettings = {
			};
			name = Release;
		};
/* End XCBuildConfiguration section */

/* Begin XCConfigurationList section */
		EF81B482276728DF0086AC9A /* Build configuration list for PBXProject "HackerRank" */ = {
			isa = XCConfigurationList;
			buildConfigurations = (
				EF81B483276728DF0086AC9A /* Debug */,
				EF81B484276728DF0086AC9A /* Release */,
			);
			defaultConfigurationIsVisible = 0;
			defaultConfigurationName = Release;
		};
/* End XCConfigurationList section */
	};
	rootObject = EF81B47F276728DF0086AC9A /* Project object */;
}
